
Microsoft Visual Studio Solution File, Format Version 12.00
# Visual Studio Version 16
VisualStudioVersion = 16.0.31410.357
MinimumVisualStudioVersion = 10.0.40219.1
Project("{FAE04EC0-301F-11D3-BF4B-00C04F79EFBC}") = "Practic8", "Practic8\Practic8.csproj", "{2CE4A256-3956-4985-9BB3-A484BAE07F7D}"
EndProject
Global
	GlobalSection(SolutionConfigurationPlatforms) = preSolution
		Debug|Any CPU = Debug|Any CPU
		Release|Any CPU = Release|Any CPU
	EndGlobalSection
	GlobalSection(ProjectConfigurationPlatforms) = postSolution
		{2CE4A256-3956-4985-9BB3-A484BAE07F7D}.Debug|Any CPU.ActiveCfg = Debug|Any CPU
		{2CE4A256-3956-4985-9BB3-A484BAE07F7D}.Debug|Any CPU.Build.0 = Debug|Any CPU
		{2CE4A256-3956-4985-9BB3-A484BAE07F7D}.Release|Any CPU.ActiveCfg = Release|Any CPU
		{2CE4A256-3956-4985-9BB3-A484BAE07F7D}.Release|Any CPU.Build.0 = Release|Any CPU
	EndGlobalSection
	GlobalSection(SolutionProperties) = preSolution
		HideSolutionNode = FALSE
	EndGlobalSection
	GlobalSection(ExtensibilityGlobals) = postSolution
		SolutionGuid = {00CBE2CD-86FB-40F9-B286-1C857A6EE34E}
	EndGlobalSection
EndGlobal
